
Microsoft Visual Studio Solution File, Format Version 12.00
# Visual Studio Version 17
VisualStudioVersion = 17.3.32929.385
MinimumVisualStudioVersion = 10.0.40219.1
Project("{9A19103F-16F7-4668-BE54-9A1E7A4F7556}") = "Wachowski.ProjectsManager", "Wachowski.ProjectsManager\Wachowski.ProjectsManager.csproj", "{87FC527A-AA78-44A1-A660-F3F9E99E1692}"
EndProject
Project("{FAE04EC0-301F-11D3-BF4B-00C04F79EFBC}") = "INTERFACES", "INTERFACES\INTERFACES.csproj", "{E7D6CE27-6986-4769-82F2-EEE0954502F8}"
EndProject
Project("{FAE04EC0-301F-11D3-BF4B-00C04F79EFBC}") = "CORE", "CORE\CORE.csproj", "{647F778D-881E-4AA8-B70F-FBEB6136FA8B}"
EndProject
Global
	GlobalSection(SolutionConfigurationPlatforms) = preSolution
		Debug|Any CPU = Debug|Any CPU
		Release|Any CPU = Release|Any CPU
	EndGlobalSection
	GlobalSection(ProjectConfigurationPlatforms) = postSolution
		{87FC527A-AA78-44A1-A660-F3F9E99E1692}.Debug|Any CPU.ActiveCfg = Debug|Any CPU
		{87FC527A-AA78-44A1-A660-F3F9E99E1692}.Debug|Any CPU.Build.0 = Debug|Any CPU
		{87FC527A-AA78-44A1-A660-F3F9E99E1692}.Release|Any CPU.ActiveCfg = Release|Any CPU
		{87FC527A-AA78-44A1-A660-F3F9E99E1692}.Release|Any CPU.Build.0 = Release|Any CPU
		{E7D6CE27-6986-4769-82F2-EEE0954502F8}.Debug|Any CPU.ActiveCfg = Debug|Any CPU
		{E7D6CE27-6986-4769-82F2-EEE0954502F8}.Debug|Any CPU.Build.0 = Debug|Any CPU
		{E7D6CE27-6986-4769-82F2-EEE0954502F8}.Release|Any CPU.ActiveCfg = Release|Any CPU
		{E7D6CE27-6986-4769-82F2-EEE0954502F8}.Release|Any CPU.Build.0 = Release|Any CPU
		{647F778D-881E-4AA8-B70F-FBEB6136FA8B}.Debug|Any CPU.ActiveCfg = Debug|Any CPU
		{647F778D-881E-4AA8-B70F-FBEB6136FA8B}.Debug|Any CPU.Build.0 = Debug|Any CPU
		{647F778D-881E-4AA8-B70F-FBEB6136FA8B}.Release|Any CPU.ActiveCfg = Release|Any CPU
		{647F778D-881E-4AA8-B70F-FBEB6136FA8B}.Release|Any CPU.Build.0 = Release|Any CPU
	EndGlobalSection
	GlobalSection(SolutionProperties) = preSolution
		HideSolutionNode = FALSE
	EndGlobalSection
	GlobalSection(ExtensibilityGlobals) = postSolution
		SolutionGuid = {328273DE-58AF-4E07-9FBD-ED80CF555E1F}
	EndGlobalSection
EndGlobal
