
Microsoft Visual Studio Solution File, Format Version 12.00
# Visual Studio Version 17
VisualStudioVersion = 17.3.32929.385
MinimumVisualStudioVersion = 10.0.40219.1
Project("{FAE04EC0-301F-11D3-BF4B-00C04F79EFBC}") = "Wachowski.ProjectsManager", "Wachowski.ProjectsManager\Wachowski.ProjectsManager.csproj", "{87FC527A-AA78-44A1-A660-F3F9E99E1692}"
EndProject
Global
	GlobalSection(SolutionConfigurationPlatforms) = preSolution
		Debug|Any CPU = Debug|Any CPU
		Release|Any CPU = Release|Any CPU
	EndGlobalSection
	GlobalSection(ProjectConfigurationPlatforms) = postSolution
		{87FC527A-AA78-44A1-A660-F3F9E99E1692}.Debug|Any CPU.ActiveCfg = Debug|Any CPU
		{87FC527A-AA78-44A1-A660-F3F9E99E1692}.Debug|Any CPU.Build.0 = Debug|Any CPU
		{87FC527A-AA78-44A1-A660-F3F9E99E1692}.Release|Any CPU.ActiveCfg = Release|Any CPU
		{87FC527A-AA78-44A1-A660-F3F9E99E1692}.Release|Any CPU.Build.0 = Release|Any CPU
	EndGlobalSection
	GlobalSection(SolutionProperties) = preSolution
		HideSolutionNode = FALSE
	EndGlobalSection
	GlobalSection(ExtensibilityGlobals) = postSolution
		SolutionGuid = {328273DE-58AF-4E07-9FBD-ED80CF555E1F}
	EndGlobalSection
EndGlobal
